# Generated by tools/lock.py from pyproject.toml. Do not edit: run ./dev lock.
babel-lite==2.4.1 --hash=sha256:a1ad43fac88ed76404dff6ac4231a4990c0301ac18f4efe23d5b6662ad496085
holidays-mini==0.32.0 --hash=sha256:f0429ec4cee501c8c7cb28a4714f9d2a76d5c1cdef705088ce0cae0d1219bbb1
iso4217-data==1.9.0 --hash=sha256:1744147b89f393ddf9868c972a9ba14ac479484af693f69368a08fb6b9e3b269
pdfkit-tiny==0.7.2 --hash=sha256:5793fde7b9da70c477549652053ff974c68e45e42b628cfe36bd2aaa5064ff44
